PODS:
  - Relieve (0.1.0):
    - SnapKit (~> 5.0.0)
  - SnapKit (5.0.0)

DEPENDENCIES:
  - Relieve (from `../`)

SPEC REPOS:
  https://github.com/cocoapods/specs.git:
    - SnapKit

EXTERNAL SOURCES:
  Relieve:
    :path: "../"

SPEC CHECKSUMS:
  Relieve: d657e079bb15c958f15ad6accbfc974b88479cc7
  SnapKit: fd22d10eb9aff484d79a8724eab922c1ddf89bcf

PODFILE CHECKSUM: c2c32d238e7cf22e63de90c0c0858da7f44030ba

COCOAPODS: 1.6.0.beta.2
